Microsoft Visual Studio Solution File, Format Version 12.00
# Visual Studio Version 17
VisualStudioVersion = 17.5.2.0
MinimumVisualStudioVersion = 10.0.40219.1
Project("{FAE04EC0-301F-11D3-BF4B-00C04F79EFBC}") = "linq-fundamentals", "linq-fundamentals.csproj", "{7C44F350-9CD3-A686-5679-5C9A9821B69A}"
EndProject
Global
	GlobalSection(SolutionConfigurationPlatforms) = preSolution
		Debug|Any CPU = Debug|Any CPU
		Release|Any CPU = Release|Any CPU
	EndGlobalSection
	GlobalSection(ProjectConfigurationPlatforms) = postSolution
		{7C44F350-9CD3-A686-5679-5C9A9821B69A}.Debug|Any CPU.ActiveCfg = Debug|Any CPU
		{7C44F350-9CD3-A686-5679-5C9A9821B69A}.Debug|Any CPU.Build.0 = Debug|Any CPU
		{7C44F350-9CD3-A686-5679-5C9A9821B69A}.Release|Any CPU.ActiveCfg = Release|Any CPU
		{7C44F350-9CD3-A686-5679-5C9A9821B69A}.Release|Any CPU.Build.0 = Release|Any CPU
	EndGlobalSection
	GlobalSection(SolutionProperties) = preSolution
		HideSolutionNode = FALSE
	EndGlobalSection
	GlobalSection(ExtensibilityGlobals) = postSolution
		SolutionGuid = {D98B6C22-8649-4FDE-AAB9-AAABA88BC4DD}
	EndGlobalSection
EndGlobal
